
Microsoft Visual Studio Solution File, Format Version 12.00
# Visual Studio 2012
Project("{FAE04EC0-301F-11D3-BF4B-00C04F79EFBC}") = "SynologyAPI", "SynologyAPI\SynologyAPI.csproj", "{2416B308-D8C8-42C4-8D91-8769D2DDB4F7}"
EndProject
Project("{FAE04EC0-301F-11D3-BF4B-00C04F79EFBC}") = "synods", "synods\synods.csproj", "{BA45C48B-E3DE-49F7-877A-34D81ABE7464}"
EndProject
Project("{FAE04EC0-301F-11D3-BF4B-00C04F79EFBC}") = "SynologyRestDAL", "SynologyRestDAL\SynologyRestDAL.csproj", "{893C1997-87CA-49E2-B277-B75607134574}"
EndProject
Project("{FAE04EC0-301F-11D3-BF4B-00C04F79EFBC}") = "StdUtils", "StdUtils\StdUtils.csproj", "{C4E83987-6223-46F2-B437-9C677B8A9E2B}"
EndProject
Project("{FAE04EC0-301F-11D3-BF4B-00C04F79EFBC}") = "CommandLine", "C:\cygwin\home\pspesivt\repos\commandline\src\libcmdline\CommandLine.csproj", "{5DEA2811-2FFA-4959-830B-CAD3ACACABEB}"
EndProject
Global
	GlobalSection(SolutionConfigurationPlatforms) = preSolution
		Debug|Any CPU = Debug|Any CPU
		Release|Any CPU = Release|Any CPU
	EndGlobalSection
	GlobalSection(ProjectConfigurationPlatforms) = postSolution
		{2416B308-D8C8-42C4-8D91-8769D2DDB4F7}.Debug|Any CPU.ActiveCfg = Debug|Any CPU
		{2416B308-D8C8-42C4-8D91-8769D2DDB4F7}.Debug|Any CPU.Build.0 = Debug|Any CPU
		{2416B308-D8C8-42C4-8D91-8769D2DDB4F7}.Release|Any CPU.ActiveCfg = Release|Any CPU
		{2416B308-D8C8-42C4-8D91-8769D2DDB4F7}.Release|Any CPU.Build.0 = Release|Any CPU
		{BA45C48B-E3DE-49F7-877A-34D81ABE7464}.Debug|Any CPU.ActiveCfg = Debug|Any CPU
		{BA45C48B-E3DE-49F7-877A-34D81ABE7464}.Debug|Any CPU.Build.0 = Debug|Any CPU
		{BA45C48B-E3DE-49F7-877A-34D81ABE7464}.Release|Any CPU.ActiveCfg = Release|Any CPU
		{BA45C48B-E3DE-49F7-877A-34D81ABE7464}.Release|Any CPU.Build.0 = Release|Any CPU
		{893C1997-87CA-49E2-B277-B75607134574}.Debug|Any CPU.ActiveCfg = Debug|Any CPU
		{893C1997-87CA-49E2-B277-B75607134574}.Debug|Any CPU.Build.0 = Debug|Any CPU
		{893C1997-87CA-49E2-B277-B75607134574}.Release|Any CPU.ActiveCfg = Release|Any CPU
		{893C1997-87CA-49E2-B277-B75607134574}.Release|Any CPU.Build.0 = Release|Any CPU
		{C4E83987-6223-46F2-B437-9C677B8A9E2B}.Debug|Any CPU.ActiveCfg = Debug|Any CPU
		{C4E83987-6223-46F2-B437-9C677B8A9E2B}.Debug|Any CPU.Build.0 = Debug|Any CPU
		{C4E83987-6223-46F2-B437-9C677B8A9E2B}.Release|Any CPU.ActiveCfg = Release|Any CPU
		{C4E83987-6223-46F2-B437-9C677B8A9E2B}.Release|Any CPU.Build.0 = Release|Any CPU
		{5DEA2811-2FFA-4959-830B-CAD3ACACABEB}.Debug|Any CPU.ActiveCfg = Debug|Any CPU
		{5DEA2811-2FFA-4959-830B-CAD3ACACABEB}.Debug|Any CPU.Build.0 = Debug|Any CPU
		{5DEA2811-2FFA-4959-830B-CAD3ACACABEB}.Release|Any CPU.ActiveCfg = Release|Any CPU
		{5DEA2811-2FFA-4959-830B-CAD3ACACABEB}.Release|Any CPU.Build.0 = Release|Any CPU
	EndGlobalSection
	GlobalSection(SolutionProperties) = preSolution
		HideSolutionNode = FALSE
	EndGlobalSection
EndGlobal
